
Microsoft Visual Studio Solution File, Format Version 12.00
# Visual Studio Version 16
VisualStudioVersion = 16.0.31410.357
MinimumVisualStudioVersion = 10.0.40219.1
Project("{FAE04EC0-301F-11D3-BF4B-00C04F79EFBC}") = "Hilos", "Hilos\Hilos.csproj", "{E5826248-A6E4-4991-9C4B-8C82D3D15FEA}"
EndProject
Global
	GlobalSection(SolutionConfigurationPlatforms) = preSolution
		Debug|Any CPU = Debug|Any CPU
		Release|Any CPU = Release|Any CPU
	EndGlobalSection
	GlobalSection(ProjectConfigurationPlatforms) = postSolution
		{E5826248-A6E4-4991-9C4B-8C82D3D15FEA}.Debug|Any CPU.ActiveCfg = Debug|Any CPU
		{E5826248-A6E4-4991-9C4B-8C82D3D15FEA}.Debug|Any CPU.Build.0 = Debug|Any CPU
		{E5826248-A6E4-4991-9C4B-8C82D3D15FEA}.Release|Any CPU.ActiveCfg = Release|Any CPU
		{E5826248-A6E4-4991-9C4B-8C82D3D15FEA}.Release|Any CPU.Build.0 = Release|Any CPU
	EndGlobalSection
	GlobalSection(SolutionProperties) = preSolution
		HideSolutionNode = FALSE
	EndGlobalSection
	GlobalSection(ExtensibilityGlobals) = postSolution
		SolutionGuid = {81BA07EF-B227-4B39-94B9-0BAB072C9FF6}
	EndGlobalSection
EndGlobal
